
Microsoft Visual Studio Solution File, Format Version 12.00
# Visual Studio Version 16
VisualStudioVersion = 16.0.31613.86
MinimumVisualStudioVersion = 10.0.40219.1
Project("{FAE04EC0-301F-11D3-BF4B-00C04F79EFBC}") = "WizLib", "WizLib\WizLib.csproj", "{F922E074-4EF8-484F-BCAF-7DE36631C026}"
EndProject
Project("{FAE04EC0-301F-11D3-BF4B-00C04F79EFBC}") = "WizLib_DataAccess", "WizLib_DataAccess\WizLib_DataAccess.csproj", "{CFBC773E-99FD-4E28-8759-4FBCEF5633B9}"
EndProject
Project("{FAE04EC0-301F-11D3-BF4B-00C04F79EFBC}") = "WizLib_Model", "WizLib_Model\WizLib_Model.csproj", "{7595EAEF-C599-4640-BEAE-2D259D53499D}"
EndProject
Global
	GlobalSection(SolutionConfigurationPlatforms) = preSolution
		Debug|Any CPU = Debug|Any CPU
		Release|Any CPU = Release|Any CPU
	EndGlobalSection
	GlobalSection(ProjectConfigurationPlatforms) = postSolution
		{F922E074-4EF8-484F-BCAF-7DE36631C026}.Debug|Any CPU.ActiveCfg = Debug|Any CPU
		{F922E074-4EF8-484F-BCAF-7DE36631C026}.Debug|Any CPU.Build.0 = Debug|Any CPU
		{F922E074-4EF8-484F-BCAF-7DE36631C026}.Release|Any CPU.ActiveCfg = Release|Any CPU
		{F922E074-4EF8-484F-BCAF-7DE36631C026}.Release|Any CPU.Build.0 = Release|Any CPU
		{CFBC773E-99FD-4E28-8759-4FBCEF5633B9}.Debug|Any CPU.ActiveCfg = Debug|Any CPU
		{CFBC773E-99FD-4E28-8759-4FBCEF5633B9}.Debug|Any CPU.Build.0 = Debug|Any CPU
		{CFBC773E-99FD-4E28-8759-4FBCEF5633B9}.Release|Any CPU.ActiveCfg = Release|Any CPU
		{CFBC773E-99FD-4E28-8759-4FBCEF5633B9}.Release|Any CPU.Build.0 = Release|Any CPU
		{7595EAEF-C599-4640-BEAE-2D259D53499D}.Debug|Any CPU.ActiveCfg = Debug|Any CPU
		{7595EAEF-C599-4640-BEAE-2D259D53499D}.Debug|Any CPU.Build.0 = Debug|Any CPU
		{7595EAEF-C599-4640-BEAE-2D259D53499D}.Release|Any CPU.ActiveCfg = Release|Any CPU
		{7595EAEF-C599-4640-BEAE-2D259D53499D}.Release|Any CPU.Build.0 = Release|Any CPU
	EndGlobalSection
	GlobalSection(SolutionProperties) = preSolution
		HideSolutionNode = FALSE
	EndGlobalSection
	GlobalSection(ExtensibilityGlobals) = postSolution
		SolutionGuid = {EECFBB7D-E24B-41A1-9654-B6E99F2AAB43}
	EndGlobalSection
EndGlobal
